
Microsoft Visual Studio Solution File, Format Version 12.00
# Visual Studio 15
VisualStudioVersion = 15.0.27703.2035
MinimumVisualStudioVersion = 10.0.40219.1
Project("{9A19103F-16F7-4668-BE54-9A1E7A4F7556}") = "InkedUI.Devices.RemotableDevice", "InkedUI.Devices.RemotableDevice\InkedUI.Devices.RemotableDevice.csproj", "{57AA7761-1564-4423-8D06-2F250262B4C2}"
EndProject
Project("{9A19103F-16F7-4668-BE54-9A1E7A4F7556}") = "InkedUI.Devices.WaveShare", "InkedUI.Devices.WaveShare\InkedUI.Devices.WaveShare.csproj", "{EC340058-248D-4D79-8033-E17C293860AE}"
EndProject
Project("{9A19103F-16F7-4668-BE54-9A1E7A4F7556}") = "InkedCLIHost", "InkedCLIHost\InkedCLIHost.csproj", "{12714829-B19E-4D9F-9760-C82E373AC504}"
EndProject
Project("{2150E333-8FDC-42A3-9474-1A3956D46DE8}") = "Devices", "Devices", "{04C4E652-B4AC-492B-8C36-3B4D93F7F96C}"
EndProject
Project("{9A19103F-16F7-4668-BE54-9A1E7A4F7556}") = "InkedUI.Shared", "InkedUI.Shared\InkedUI.Shared.csproj", "{20906A1E-C576-4626-876D-00B9AC215A1C}"
EndProject
Project("{FAE04EC0-301F-11D3-BF4B-00C04F79EFBC}") = "InkedUI.Forms", "InkedUI.Forms\InkedUI.Forms.csproj", "{DF9BB781-C4D2-4B3D-82DB-29E35DC3A673}"
EndProject
Project("{2150E333-8FDC-42A3-9474-1A3956D46DE8}") = "Platforms", "Platforms", "{C56C8CCD-8DF3-4C1F-A37F-B189BC548009}"
EndProject
Project("{FAE04EC0-301F-11D3-BF4B-00C04F79EFBC}") = "InkedUI.WPF", "InkedUI.WPF\InkedUI.WPF.csproj", "{6453AB7B-7CE6-4E62-8EE1-31583A9683CC}"
EndProject
Project("{FAE04EC0-301F-11D3-BF4B-00C04F79EFBC}") = "TestDraw", "TestDraw\TestDraw.csproj", "{16D5CD94-C624-4740-B4D5-C750A962B712}"
EndProject
Project("{2150E333-8FDC-42A3-9474-1A3956D46DE8}") = "Documentation", "Documentation", "{26839D2F-E176-441A-86C8-E47365A33FFF}"
	ProjectSection(SolutionItems) = preProject
		LICENSE = LICENSE
		README = README
	EndProjectSection
EndProject
Global
	GlobalSection(SolutionConfigurationPlatforms) = preSolution
		Debug|Any CPU = Debug|Any CPU
		Release|Any CPU = Release|Any CPU
	EndGlobalSection
	GlobalSection(ProjectConfigurationPlatforms) = postSolution
		{57AA7761-1564-4423-8D06-2F250262B4C2}.Debug|Any CPU.ActiveCfg = Debug|Any CPU
		{57AA7761-1564-4423-8D06-2F250262B4C2}.Debug|Any CPU.Build.0 = Debug|Any CPU
		{57AA7761-1564-4423-8D06-2F250262B4C2}.Release|Any CPU.ActiveCfg = Release|Any CPU
		{57AA7761-1564-4423-8D06-2F250262B4C2}.Release|Any CPU.Build.0 = Release|Any CPU
		{EC340058-248D-4D79-8033-E17C293860AE}.Debug|Any CPU.ActiveCfg = Debug|Any CPU
		{EC340058-248D-4D79-8033-E17C293860AE}.Debug|Any CPU.Build.0 = Debug|Any CPU
		{EC340058-248D-4D79-8033-E17C293860AE}.Release|Any CPU.ActiveCfg = Release|Any CPU
		{EC340058-248D-4D79-8033-E17C293860AE}.Release|Any CPU.Build.0 = Release|Any CPU
		{12714829-B19E-4D9F-9760-C82E373AC504}.Debug|Any CPU.ActiveCfg = Debug|Any CPU
		{12714829-B19E-4D9F-9760-C82E373AC504}.Debug|Any CPU.Build.0 = Debug|Any CPU
		{12714829-B19E-4D9F-9760-C82E373AC504}.Release|Any CPU.ActiveCfg = Release|Any CPU
		{12714829-B19E-4D9F-9760-C82E373AC504}.Release|Any CPU.Build.0 = Release|Any CPU
		{20906A1E-C576-4626-876D-00B9AC215A1C}.Debug|Any CPU.ActiveCfg = Debug|Any CPU
		{20906A1E-C576-4626-876D-00B9AC215A1C}.Debug|Any CPU.Build.0 = Debug|Any CPU
		{20906A1E-C576-4626-876D-00B9AC215A1C}.Release|Any CPU.ActiveCfg = Release|Any CPU
		{20906A1E-C576-4626-876D-00B9AC215A1C}.Release|Any CPU.Build.0 = Release|Any CPU
		{DF9BB781-C4D2-4B3D-82DB-29E35DC3A673}.Debug|Any CPU.ActiveCfg = Debug|Any CPU
		{DF9BB781-C4D2-4B3D-82DB-29E35DC3A673}.Debug|Any CPU.Build.0 = Debug|Any CPU
		{DF9BB781-C4D2-4B3D-82DB-29E35DC3A673}.Release|Any CPU.ActiveCfg = Release|Any CPU
		{DF9BB781-C4D2-4B3D-82DB-29E35DC3A673}.Release|Any CPU.Build.0 = Release|Any CPU
		{6453AB7B-7CE6-4E62-8EE1-31583A9683CC}.Debug|Any CPU.ActiveCfg = Debug|Any CPU
		{6453AB7B-7CE6-4E62-8EE1-31583A9683CC}.Debug|Any CPU.Build.0 = Debug|Any CPU
		{6453AB7B-7CE6-4E62-8EE1-31583A9683CC}.Release|Any CPU.ActiveCfg = Release|Any CPU
		{6453AB7B-7CE6-4E62-8EE1-31583A9683CC}.Release|Any CPU.Build.0 = Release|Any CPU
		{16D5CD94-C624-4740-B4D5-C750A962B712}.Debug|Any CPU.ActiveCfg = Debug|Any CPU
		{16D5CD94-C624-4740-B4D5-C750A962B712}.Debug|Any CPU.Build.0 = Debug|Any CPU
		{16D5CD94-C624-4740-B4D5-C750A962B712}.Release|Any CPU.ActiveCfg = Release|Any CPU
		{16D5CD94-C624-4740-B4D5-C750A962B712}.Release|Any CPU.Build.0 = Release|Any CPU
	EndGlobalSection
	GlobalSection(SolutionProperties) = preSolution
		HideSolutionNode = FALSE
	EndGlobalSection
	GlobalSection(NestedProjects) = preSolution
		{57AA7761-1564-4423-8D06-2F250262B4C2} = {04C4E652-B4AC-492B-8C36-3B4D93F7F96C}
		{EC340058-248D-4D79-8033-E17C293860AE} = {04C4E652-B4AC-492B-8C36-3B4D93F7F96C}
		{DF9BB781-C4D2-4B3D-82DB-29E35DC3A673} = {C56C8CCD-8DF3-4C1F-A37F-B189BC548009}
		{6453AB7B-7CE6-4E62-8EE1-31583A9683CC} = {C56C8CCD-8DF3-4C1F-A37F-B189BC548009}
	EndGlobalSection
	GlobalSection(ExtensibilityGlobals) = postSolution
		SolutionGuid = {32A8379C-6676-44D8-8EF2-C2F10E275C07}
	EndGlobalSection
EndGlobal
